{
  "nodes": {
    "nixpkgs": {
      "locked": {
        "lastModified": 1738435198,
        "narHash": "sha256-5+Hmo4nbqw8FrW85FlNm4IIrRnZ7bn0cmXlScNsNRLo=",
        "owner": "NixOS",
        "repo": "nixpkgs",
        "rev": "f6687779bf4c396250831aa5a32cbfeb85bb07a3",
        "type": "github"
      },
      "original": {
        "owner": "NixOS",
        "ref": "nixos-24.11",
        "repo": "nixpkgs",
        "type": "github"
      }
    },
    "nixpkgs_2": {
      "locked": {
        "lastModified": 1738435198,
        "narHash": "sha256-5+Hmo4nbqw8FrW85FlNm4IIrRnZ7bn0cmXlScNsNRLo=",
        "owner": "NixOS",
        "repo": "nixpkgs",
        "rev": "f6687779bf4c396250831aa5a32cbfeb85bb07a3",
        "type": "github"
      },
      "original": {
        "owner": "NixOS",
        "ref": "nixos-24.11",
        "repo": "nixpkgs",
        "type": "github"
      }
    },
    "parent": {
      "inputs": {
        "nixpkgs": "nixpkgs_2"
      },
      "locked": {
        "dir": "inheritance/parent",
        "lastModified": 1738653793,
        "narHash": "sha256-6tk2/rIo/vQ0d1EuUDvCb5HYR5sVksfPaOg7iSJ0WMw=",
        "owner": "michaelosbornegit",
        "repo": "nix-playground",
        "rev": "43614b352768f9ff02680e1f91cace399f05538d",
        "type": "github"
      },
      "original": {
        "dir": "inheritance/parent",
        "owner": "michaelosbornegit",
        "repo": "nix-playground",
        "rev": "43614b352768f9ff02680e1f91cace399f05538d",
        "type": "github"
      }
    },
    "root": {
      "inputs": {
        "nixpkgs": "nixpkgs",
        "parent": "parent"
      }
    }
  },
  "root": "root",
  "version": 7
}
